
Microsoft Visual Studio Solution File, Format Version 12.00
# Visual Studio Version 17
VisualStudioVersion = 17.0.31903.59
MinimumVisualStudioVersion = 10.0.40219.1
Project("{9A19103F-16F7-4668-BE54-9A1E7A4F7556}") = "Kaesseli.Application", "Kaesseli.Application\Kaesseli.Application.csproj", "{AC030954-874A-4CFB-948E-CC26EC66D73E}"
EndProject
Project("{9A19103F-16F7-4668-BE54-9A1E7A4F7556}") = "Kaesseli.Domain", "Kaesseli.Domain\Kaesseli.Domain.csproj", "{AC79DFE1-B3A8-440C-A90D-BAD9D452F05B}"
EndProject
Project("{2150E333-8FDC-42A3-9474-1A3956D46DE8}") = "Tests", "Tests", "{FD24C30E-6C58-4562-873E-C7DC6DAA101E}"
EndProject
Project("{9A19103F-16F7-4668-BE54-9A1E7A4F7556}") = "Kaesseli.Infrastructure", "Kaesseli.Infrastructure\Kaesseli.Infrastructure.csproj", "{14B7383E-347C-415E-9183-012E0E4E4055}"
EndProject
Project("{9A19103F-16F7-4668-BE54-9A1E7A4F7556}") = "Kaesseli.Domain.Test", "Tests\Kaesseli.Domain.Test\Kaesseli.Domain.Test.csproj", "{C95699F2-DC6A-4F80-BE28-398DF21898E0}"
EndProject
Project("{9A19103F-16F7-4668-BE54-9A1E7A4F7556}") = "Kaesseli.Application.Test", "Tests\Kaesseli.Application.Test\Kaesseli.Application.Test.csproj", "{B569737A-D7AD-40FC-94DC-F62BD868F73F}"
EndProject
Project("{2150E333-8FDC-42A3-9474-1A3956D46DE8}") = "Solution Items", "Solution Items", "{B5E51834-AEC0-487A-9908-6F6E5E4151B4}"
	ProjectSection(SolutionItems) = preProject
		.gitignore = .gitignore
		README.md = README.md
	EndProjectSection
EndProject
Project("{9A19103F-16F7-4668-BE54-9A1E7A4F7556}") = "Kaesseli.TestUtilities", "..\Tests\Kaesseli\Kaesseli.TestUtilities\Kaesseli.TestUtilities.csproj", "{BB56260A-851F-499D-B319-08555FED9428}"
EndProject
Project("{9A19103F-16F7-4668-BE54-9A1E7A4F7556}") = "Kaesseli.Infrastructure.Test", "Tests\Kaesseli.Infrastructure.Test\Kaesseli.Infrastructure.Test.csproj", "{2E2001AA-A78A-427D-B642-5CECBE564299}"
EndProject
Project("{9A19103F-16F7-4668-BE54-9A1E7A4F7556}") = "Kaesseli.Server", "Kaesseli.Server\Kaesseli.Server.csproj", "{A8D845FC-C5F7-4BDF-A677-200A1C06D518}"
EndProject
Project("{9A19103F-16F7-4668-BE54-9A1E7A4F7556}") = "Kaesseli.Server.Test", "Tests\Kaesseli.Server.Test\Kaesseli.Server.Test.csproj", "{35008CF2-822E-4BC3-B717-6C71C52BE1B7}"
EndProject
Project("{9A19103F-16F7-4668-BE54-9A1E7A4F7556}") = "Kaesseli.Utility", "Kaesseli.Utility\Kaesseli.Utility.csproj", "{69D4A1F5-38DB-41E6-B322-36D221E373EA}"
EndProject
Project("{9A19103F-16F7-4668-BE54-9A1E7A4F7556}") = "Kaesseli.Utility.Test", "Tests\Kaesseli.Utility.Test\Kaesseli.Utility.Test.csproj", "{3A39676B-81E3-4B39-9645-5C5FAEB4B9BD}"
EndProject
Global
	GlobalSection(SolutionConfigurationPlatforms) = preSolution
		Debug|Any CPU = Debug|Any CPU
		Release|Any CPU = Release|Any CPU
	EndGlobalSection
	GlobalSection(ProjectConfigurationPlatforms) = postSolution
		{AC030954-874A-4CFB-948E-CC26EC66D73E}.Debug|Any CPU.ActiveCfg = Debug|Any CPU
		{AC030954-874A-4CFB-948E-CC26EC66D73E}.Debug|Any CPU.Build.0 = Debug|Any CPU
		{AC030954-874A-4CFB-948E-CC26EC66D73E}.Release|Any CPU.ActiveCfg = Release|Any CPU
		{AC030954-874A-4CFB-948E-CC26EC66D73E}.Release|Any CPU.Build.0 = Release|Any CPU
		{AC79DFE1-B3A8-440C-A90D-BAD9D452F05B}.Debug|Any CPU.ActiveCfg = Debug|Any CPU
		{AC79DFE1-B3A8-440C-A90D-BAD9D452F05B}.Debug|Any CPU.Build.0 = Debug|Any CPU
		{AC79DFE1-B3A8-440C-A90D-BAD9D452F05B}.Release|Any CPU.ActiveCfg = Release|Any CPU
		{AC79DFE1-B3A8-440C-A90D-BAD9D452F05B}.Release|Any CPU.Build.0 = Release|Any CPU
		{14B7383E-347C-415E-9183-012E0E4E4055}.Debug|Any CPU.ActiveCfg = Debug|Any CPU
		{14B7383E-347C-415E-9183-012E0E4E4055}.Debug|Any CPU.Build.0 = Debug|Any CPU
		{14B7383E-347C-415E-9183-012E0E4E4055}.Release|Any CPU.ActiveCfg = Release|Any CPU
		{14B7383E-347C-415E-9183-012E0E4E4055}.Release|Any CPU.Build.0 = Release|Any CPU
		{C95699F2-DC6A-4F80-BE28-398DF21898E0}.Debug|Any CPU.ActiveCfg = Debug|Any CPU
		{C95699F2-DC6A-4F80-BE28-398DF21898E0}.Debug|Any CPU.Build.0 = Debug|Any CPU
		{C95699F2-DC6A-4F80-BE28-398DF21898E0}.Release|Any CPU.ActiveCfg = Release|Any CPU
		{C95699F2-DC6A-4F80-BE28-398DF21898E0}.Release|Any CPU.Build.0 = Release|Any CPU
		{B569737A-D7AD-40FC-94DC-F62BD868F73F}.Debug|Any CPU.ActiveCfg = Debug|Any CPU
		{B569737A-D7AD-40FC-94DC-F62BD868F73F}.Debug|Any CPU.Build.0 = Debug|Any CPU
		{B569737A-D7AD-40FC-94DC-F62BD868F73F}.Release|Any CPU.ActiveCfg = Release|Any CPU
		{B569737A-D7AD-40FC-94DC-F62BD868F73F}.Release|Any CPU.Build.0 = Release|Any CPU
		{BB56260A-851F-499D-B319-08555FED9428}.Debug|Any CPU.ActiveCfg = Debug|Any CPU
		{BB56260A-851F-499D-B319-08555FED9428}.Debug|Any CPU.Build.0 = Debug|Any CPU
		{BB56260A-851F-499D-B319-08555FED9428}.Release|Any CPU.ActiveCfg = Release|Any CPU
		{BB56260A-851F-499D-B319-08555FED9428}.Release|Any CPU.Build.0 = Release|Any CPU
		{2E2001AA-A78A-427D-B642-5CECBE564299}.Debug|Any CPU.ActiveCfg = Debug|Any CPU
		{2E2001AA-A78A-427D-B642-5CECBE564299}.Debug|Any CPU.Build.0 = Debug|Any CPU
		{2E2001AA-A78A-427D-B642-5CECBE564299}.Release|Any CPU.ActiveCfg = Release|Any CPU
		{2E2001AA-A78A-427D-B642-5CECBE564299}.Release|Any CPU.Build.0 = Release|Any CPU
		{A8D845FC-C5F7-4BDF-A677-200A1C06D518}.Debug|Any CPU.ActiveCfg = Debug|Any CPU
		{A8D845FC-C5F7-4BDF-A677-200A1C06D518}.Debug|Any CPU.Build.0 = Debug|Any CPU
		{A8D845FC-C5F7-4BDF-A677-200A1C06D518}.Release|Any CPU.ActiveCfg = Release|Any CPU
		{A8D845FC-C5F7-4BDF-A677-200A1C06D518}.Release|Any CPU.Build.0 = Release|Any CPU
		{35008CF2-822E-4BC3-B717-6C71C52BE1B7}.Debug|Any CPU.ActiveCfg = Debug|Any CPU
		{35008CF2-822E-4BC3-B717-6C71C52BE1B7}.Debug|Any CPU.Build.0 = Debug|Any CPU
		{35008CF2-822E-4BC3-B717-6C71C52BE1B7}.Release|Any CPU.ActiveCfg = Release|Any CPU
		{35008CF2-822E-4BC3-B717-6C71C52BE1B7}.Release|Any CPU.Build.0 = Release|Any CPU
		{69D4A1F5-38DB-41E6-B322-36D221E373EA}.Debug|Any CPU.ActiveCfg = Debug|Any CPU
		{69D4A1F5-38DB-41E6-B322-36D221E373EA}.Debug|Any CPU.Build.0 = Debug|Any CPU
		{69D4A1F5-38DB-41E6-B322-36D221E373EA}.Release|Any CPU.ActiveCfg = Release|Any CPU
		{69D4A1F5-38DB-41E6-B322-36D221E373EA}.Release|Any CPU.Build.0 = Release|Any CPU
		{3A39676B-81E3-4B39-9645-5C5FAEB4B9BD}.Debug|Any CPU.ActiveCfg = Debug|Any CPU
		{3A39676B-81E3-4B39-9645-5C5FAEB4B9BD}.Debug|Any CPU.Build.0 = Debug|Any CPU
		{3A39676B-81E3-4B39-9645-5C5FAEB4B9BD}.Release|Any CPU.ActiveCfg = Release|Any CPU
		{3A39676B-81E3-4B39-9645-5C5FAEB4B9BD}.Release|Any CPU.Build.0 = Release|Any CPU
	EndGlobalSection
	GlobalSection(SolutionProperties) = preSolution
		HideSolutionNode = FALSE
	EndGlobalSection
	GlobalSection(NestedProjects) = preSolution
		{C95699F2-DC6A-4F80-BE28-398DF21898E0} = {FD24C30E-6C58-4562-873E-C7DC6DAA101E}
		{B569737A-D7AD-40FC-94DC-F62BD868F73F} = {FD24C30E-6C58-4562-873E-C7DC6DAA101E}
		{BB56260A-851F-499D-B319-08555FED9428} = {FD24C30E-6C58-4562-873E-C7DC6DAA101E}
		{2E2001AA-A78A-427D-B642-5CECBE564299} = {FD24C30E-6C58-4562-873E-C7DC6DAA101E}
		{35008CF2-822E-4BC3-B717-6C71C52BE1B7} = {FD24C30E-6C58-4562-873E-C7DC6DAA101E}
		{3A39676B-81E3-4B39-9645-5C5FAEB4B9BD} = {FD24C30E-6C58-4562-873E-C7DC6DAA101E}
	EndGlobalSection
	GlobalSection(ExtensibilityGlobals) = postSolution
		SolutionGuid = {2AD36FD5-53F3-4A0B-8240-3436ADCD3AA2}
	EndGlobalSection
EndGlobal
