
Microsoft Visual Studio Solution File, Format Version 12.00
# Visual Studio Version 17
VisualStudioVersion = 17.0.31903.59
MinimumVisualStudioVersion = 10.0.40219.1
Project("{2150E333-8FDC-42A3-9474-1A3956D46DE8}") = "Tests", "Tests", "{FD24C30E-6C58-4562-873E-C7DC6DAA101E}"
EndProject
Project("{2150E333-8FDC-42A3-9474-1A3956D46DE8}") = "Solution Items", "Solution Items", "{B5E51834-AEC0-487A-9908-6F6E5E4151B4}"
	ProjectSection(SolutionItems) = preProject
		Dockerfile = Dockerfile
		README.md = README.md
	EndProjectSection
EndProject
Project("{54A90642-561A-4BB1-A94E-469ADEE60C69}") = "Kaesseli.Client", "Kaesseli.Client\Kaesseli.Client.esproj", "{B6D473F4-379A-4285-A3BA-4A9572B53ECB}"
EndProject
Project("{FAE04EC0-301F-11D3-BF4B-00C04F79EFBC}") = "Kaesseli", "Kaesseli\Kaesseli.csproj", "{8D440ABB-C9F6-4EB5-81C5-BC0D842BA6C3}"
EndProject
Project("{9A19103F-16F7-4668-BE54-9A1E7A4F7556}") = "Kaesseli.Test", "Tests\Kaesseli.Test\Kaesseli.Test.csproj", "{A1B2C3D4-E5F6-7890-ABCD-EF1234567890}"
EndProject
Global
	GlobalSection(SolutionConfigurationPlatforms) = preSolution
		Debug|Any CPU = Debug|Any CPU
		Release|Any CPU = Release|Any CPU
	EndGlobalSection
	GlobalSection(ProjectConfigurationPlatforms) = postSolution
		{B6D473F4-379A-4285-A3BA-4A9572B53ECB}.Debug|Any CPU.ActiveCfg = Debug|Any CPU
		{B6D473F4-379A-4285-A3BA-4A9572B53ECB}.Release|Any CPU.ActiveCfg = Release|Any CPU
		{8D440ABB-C9F6-4EB5-81C5-BC0D842BA6C3}.Debug|Any CPU.ActiveCfg = Debug|Any CPU
		{8D440ABB-C9F6-4EB5-81C5-BC0D842BA6C3}.Debug|Any CPU.Build.0 = Debug|Any CPU
		{8D440ABB-C9F6-4EB5-81C5-BC0D842BA6C3}.Release|Any CPU.ActiveCfg = Release|Any CPU
		{8D440ABB-C9F6-4EB5-81C5-BC0D842BA6C3}.Release|Any CPU.Build.0 = Release|Any CPU
		{A1B2C3D4-E5F6-7890-ABCD-EF1234567890}.Debug|Any CPU.ActiveCfg = Debug|Any CPU
		{A1B2C3D4-E5F6-7890-ABCD-EF1234567890}.Debug|Any CPU.Build.0 = Debug|Any CPU
		{A1B2C3D4-E5F6-7890-ABCD-EF1234567890}.Release|Any CPU.ActiveCfg = Release|Any CPU
		{A1B2C3D4-E5F6-7890-ABCD-EF1234567890}.Release|Any CPU.Build.0 = Release|Any CPU
	EndGlobalSection
	GlobalSection(SolutionProperties) = preSolution
		HideSolutionNode = FALSE
	EndGlobalSection
	GlobalSection(NestedProjects) = preSolution
		{A1B2C3D4-E5F6-7890-ABCD-EF1234567890} = {FD24C30E-6C58-4562-873E-C7DC6DAA101E}
	EndGlobalSection
	GlobalSection(ExtensibilityGlobals) = postSolution
		SolutionGuid = {2AD36FD5-53F3-4A0B-8240-3436ADCD3AA2}
	EndGlobalSection
EndGlobal
