
Microsoft Visual Studio Solution File, Format Version 12.00
# Visual Studio Version 17
VisualStudioVersion = 17.0.31903.59
MinimumVisualStudioVersion = 10.0.40219.1
Project("{9A19103F-16F7-4668-BE54-9A1E7A4F7556}") = "Kässeli.Domain", "Kässeli.Domain\Kässeli.Domain.csproj", "{F1EF1F5E-2692-4AA7-BEFD-ED9678638818}"
EndProject
Project("{FAE04EC0-301F-11D3-BF4B-00C04F79EFBC}") = "Kässeli.Application", "Kässeli.Application\Kässeli.Application.csproj", "{73A8E750-F013-4260-AC8E-CCE0E177964B}"
EndProject
Project("{FAE04EC0-301F-11D3-BF4B-00C04F79EFBC}") = "Kässeli.Infrastructure", "Kässeli.Infrastructure\Kässeli.Infrastructure.csproj", "{8DD411EE-ADC2-4107-B0F9-8A3754A5DCBD}"
EndProject
Project("{FAE04EC0-301F-11D3-BF4B-00C04F79EFBC}") = "Kässeli.Web", "Kässeli.Web\Kässeli.Web.csproj", "{DF6C429D-293C-4FC3-8BA5-DEEE159F59B8}"
EndProject
Global
	GlobalSection(SolutionConfigurationPlatforms) = preSolution
		Debug|Any CPU = Debug|Any CPU
		Release|Any CPU = Release|Any CPU
	EndGlobalSection
	GlobalSection(ProjectConfigurationPlatforms) = postSolution
		{F1EF1F5E-2692-4AA7-BEFD-ED9678638818}.Debug|Any CPU.ActiveCfg = Debug|Any CPU
		{F1EF1F5E-2692-4AA7-BEFD-ED9678638818}.Debug|Any CPU.Build.0 = Debug|Any CPU
		{F1EF1F5E-2692-4AA7-BEFD-ED9678638818}.Release|Any CPU.ActiveCfg = Release|Any CPU
		{F1EF1F5E-2692-4AA7-BEFD-ED9678638818}.Release|Any CPU.Build.0 = Release|Any CPU
		{73A8E750-F013-4260-AC8E-CCE0E177964B}.Debug|Any CPU.ActiveCfg = Debug|Any CPU
		{73A8E750-F013-4260-AC8E-CCE0E177964B}.Debug|Any CPU.Build.0 = Debug|Any CPU
		{73A8E750-F013-4260-AC8E-CCE0E177964B}.Release|Any CPU.ActiveCfg = Release|Any CPU
		{73A8E750-F013-4260-AC8E-CCE0E177964B}.Release|Any CPU.Build.0 = Release|Any CPU
		{8DD411EE-ADC2-4107-B0F9-8A3754A5DCBD}.Debug|Any CPU.ActiveCfg = Debug|Any CPU
		{8DD411EE-ADC2-4107-B0F9-8A3754A5DCBD}.Debug|Any CPU.Build.0 = Debug|Any CPU
		{8DD411EE-ADC2-4107-B0F9-8A3754A5DCBD}.Release|Any CPU.ActiveCfg = Release|Any CPU
		{8DD411EE-ADC2-4107-B0F9-8A3754A5DCBD}.Release|Any CPU.Build.0 = Release|Any CPU
		{DF6C429D-293C-4FC3-8BA5-DEEE159F59B8}.Debug|Any CPU.ActiveCfg = Debug|Any CPU
		{DF6C429D-293C-4FC3-8BA5-DEEE159F59B8}.Debug|Any CPU.Build.0 = Debug|Any CPU
		{DF6C429D-293C-4FC3-8BA5-DEEE159F59B8}.Release|Any CPU.ActiveCfg = Release|Any CPU
		{DF6C429D-293C-4FC3-8BA5-DEEE159F59B8}.Release|Any CPU.Build.0 = Release|Any CPU
	EndGlobalSection
	GlobalSection(SolutionProperties) = preSolution
		HideSolutionNode = FALSE
	EndGlobalSection
	GlobalSection(ExtensibilityGlobals) = postSolution
		SolutionGuid = {B457F835-7408-444C-9782-95087E78DE79}
	EndGlobalSection
EndGlobal
